
Microsoft Visual Studio Solution File, Format Version 12.00
# Visual Studio 2013
VisualStudioVersion = 12.0.40629.0
MinimumVisualStudioVersion = 10.0.40219.1
Project("{FAE04EC0-301F-11D3-BF4B-00C04F79EFBC}") = "ProjectThree", "ProjectThree\ProjectThree.csproj", "{86694BF8-37BF-4D30-B0CD-C552C5867C61}"
EndProject
Project("{FAE04EC0-301F-11D3-BF4B-00C04F79EFBC}") = "ProjectTwo", "..\..\NugetHickory\ProjectTwo\ProjectTwo\ProjectTwo.csproj", "{F156B7F2-BAC9-4FCB-9279-46067B892512}"
EndProject
Project("{FAE04EC0-301F-11D3-BF4B-00C04F79EFBC}") = "ProjectOne", "..\..\NugetDickery\ProjectOne\ProjectOne\ProjectOne.csproj", "{457646EB-4122-4B3F-AF7C-C5D6CD7AB92C}"
EndProject
Global
	GlobalSection(TeamFoundationVersionControl) = preSolution
		SccNumberOfProjects = 4
		SccEnterpriseProvider = {4CA58AB2-18FA-4F8D-95D4-32DDF27D184C}
		SccTeamFoundationServer = http://tsitfs:8080/tfs/tsi%20technology
		SccProjectUniqueName0 = ..\\..\\NugetHickory\\ProjectTwo\\ProjectTwo\\ProjectTwo.csproj
		SccProjectName0 = ../../NugetHickory/ProjectTwo/ProjectTwo
		SccLocalPath0 = ..\\..\\NugetHickory\\ProjectTwo\\ProjectTwo
		SccProjectUniqueName1 = ..\\..\\NugetDickery\\ProjectOne\\ProjectOne\\ProjectOne.csproj
		SccProjectName1 = ../../NugetDickery/ProjectOne/ProjectOne
		SccLocalPath1 = ..\\..\\NugetDickery\\ProjectOne\\ProjectOne
		SccLocalPath2 = .
		SccProjectUniqueName3 = ProjectThree\\ProjectThree.csproj
		SccProjectName3 = ProjectThree
		SccLocalPath3 = ProjectThree
	EndGlobalSection
	GlobalSection(SolutionConfigurationPlatforms) = preSolution
		Debug|Any CPU = Debug|Any CPU
		Release|Any CPU = Release|Any CPU
	EndGlobalSection
	GlobalSection(ProjectConfigurationPlatforms) = postSolution
		{86694BF8-37BF-4D30-B0CD-C552C5867C61}.Debug|Any CPU.ActiveCfg = Debug|Any CPU
		{86694BF8-37BF-4D30-B0CD-C552C5867C61}.Debug|Any CPU.Build.0 = Debug|Any CPU
		{86694BF8-37BF-4D30-B0CD-C552C5867C61}.Release|Any CPU.ActiveCfg = Release|Any CPU
		{86694BF8-37BF-4D30-B0CD-C552C5867C61}.Release|Any CPU.Build.0 = Release|Any CPU
		{F156B7F2-BAC9-4FCB-9279-46067B892512}.Debug|Any CPU.ActiveCfg = Debug|Any CPU
		{F156B7F2-BAC9-4FCB-9279-46067B892512}.Debug|Any CPU.Build.0 = Debug|Any CPU
		{F156B7F2-BAC9-4FCB-9279-46067B892512}.Release|Any CPU.ActiveCfg = Release|Any CPU
		{F156B7F2-BAC9-4FCB-9279-46067B892512}.Release|Any CPU.Build.0 = Release|Any CPU
		{457646EB-4122-4B3F-AF7C-C5D6CD7AB92C}.Debug|Any CPU.ActiveCfg = Debug|Any CPU
		{457646EB-4122-4B3F-AF7C-C5D6CD7AB92C}.Debug|Any CPU.Build.0 = Debug|Any CPU
		{457646EB-4122-4B3F-AF7C-C5D6CD7AB92C}.Release|Any CPU.ActiveCfg = Release|Any CPU
		{457646EB-4122-4B3F-AF7C-C5D6CD7AB92C}.Release|Any CPU.Build.0 = Release|Any CPU
	EndGlobalSection
	GlobalSection(SolutionProperties) = preSolution
		HideSolutionNode = FALSE
	EndGlobalSection
EndGlobal
